
Microsoft Visual Studio Solution File, Format Version 12.00
# Visual Studio Version 17
VisualStudioVersion = 17.9.34728.123
MinimumVisualStudioVersion = 10.0.40219.1
Project("{FAE04EC0-301F-11D3-BF4B-00C04F79EFBC}") = "DemoApiForGeneratingStuff", "DemoApiForGeneratingStuff\DemoApiForGeneratingStuff.csproj", "{12E98CFC-4C5C-4FC4-A71B-CAF6655E4F70}"
EndProject
Global
	GlobalSection(SolutionConfigurationPlatforms) = preSolution
		Debug|Any CPU = Debug|Any CPU
		Release|Any CPU = Release|Any CPU
	EndGlobalSection
	GlobalSection(ProjectConfigurationPlatforms) = postSolution
		{12E98CFC-4C5C-4FC4-A71B-CAF6655E4F70}.Debug|Any CPU.ActiveCfg = Debug|Any CPU
		{12E98CFC-4C5C-4FC4-A71B-CAF6655E4F70}.Debug|Any CPU.Build.0 = Debug|Any CPU
		{12E98CFC-4C5C-4FC4-A71B-CAF6655E4F70}.Release|Any CPU.ActiveCfg = Release|Any CPU
		{12E98CFC-4C5C-4FC4-A71B-CAF6655E4F70}.Release|Any CPU.Build.0 = Release|Any CPU
	EndGlobalSection
	GlobalSection(SolutionProperties) = preSolution
		HideSolutionNode = FALSE
	EndGlobalSection
	GlobalSection(ExtensibilityGlobals) = postSolution
		SolutionGuid = {3A35736E-14AD-4E18-AEC1-EBBE11649008}
	EndGlobalSection
EndGlobal
